
Microsoft Visual Studio Solution File, Format Version 12.00
# Visual Studio Version 16
VisualStudioVersion = 16.0.28621.142
MinimumVisualStudioVersion = 10.0.40219.1
Project("{FAE04EC0-301F-11D3-BF4B-00C04F79EFBC}") = "SOLID-LSP", "SOLID-LSP\SOLID-LSP.csproj", "{9EFF7F53-2855-44D8-BC82-7C4767AA9C15}"
EndProject
Global
	GlobalSection(SolutionConfigurationPlatforms) = preSolution
		Debug|Any CPU = Debug|Any CPU
		Release|Any CPU = Release|Any CPU
	EndGlobalSection
	GlobalSection(ProjectConfigurationPlatforms) = postSolution
		{9EFF7F53-2855-44D8-BC82-7C4767AA9C15}.Debug|Any CPU.ActiveCfg = Debug|Any CPU
		{9EFF7F53-2855-44D8-BC82-7C4767AA9C15}.Debug|Any CPU.Build.0 = Debug|Any CPU
		{9EFF7F53-2855-44D8-BC82-7C4767AA9C15}.Release|Any CPU.ActiveCfg = Release|Any CPU
		{9EFF7F53-2855-44D8-BC82-7C4767AA9C15}.Release|Any CPU.Build.0 = Release|Any CPU
	EndGlobalSection
	GlobalSection(SolutionProperties) = preSolution
		HideSolutionNode = FALSE
	EndGlobalSection
	GlobalSection(ExtensibilityGlobals) = postSolution
		SolutionGuid = {41765FEC-8B30-477C-8383-FC5F8320A9AC}
	EndGlobalSection
EndGlobal
